
Microsoft Visual Studio Solution File, Format Version 12.00
# Visual Studio Version 17
VisualStudioVersion = 17.2.32630.192
MinimumVisualStudioVersion = 10.0.40219.1
Project("{FAE04EC0-301F-11D3-BF4B-00C04F79EFBC}") = "TP I Lab", "TP I Lab.csproj", "{B2FAA41F-D619-4972-B86C-42340923D318}"
EndProject
Global
	GlobalSection(SolutionConfigurationPlatforms) = preSolution
		Debug|Any CPU = Debug|Any CPU
		Release|Any CPU = Release|Any CPU
	EndGlobalSection
	GlobalSection(ProjectConfigurationPlatforms) = postSolution
		{B2FAA41F-D619-4972-B86C-42340923D318}.Debug|Any CPU.ActiveCfg = Debug|Any CPU
		{B2FAA41F-D619-4972-B86C-42340923D318}.Debug|Any CPU.Build.0 = Debug|Any CPU
		{B2FAA41F-D619-4972-B86C-42340923D318}.Release|Any CPU.ActiveCfg = Release|Any CPU
		{B2FAA41F-D619-4972-B86C-42340923D318}.Release|Any CPU.Build.0 = Release|Any CPU
	EndGlobalSection
	GlobalSection(SolutionProperties) = preSolution
		HideSolutionNode = FALSE
	EndGlobalSection
	GlobalSection(ExtensibilityGlobals) = postSolution
		SolutionGuid = {1BB8A9E7-A3D5-4780-B8EA-1A8C7B058DE9}
	EndGlobalSection
EndGlobal
